
Microsoft Visual Studio Solution File, Format Version 12.00
# Visual Studio Version 17
VisualStudioVersion = 17.3.32804.467
MinimumVisualStudioVersion = 10.0.40219.1
Project("{FAE04EC0-301F-11D3-BF4B-00C04F79EFBC}") = "SundayRaceDay", "SundayRaceDay\SundayRaceDay.csproj", "{8091778B-1A73-4C60-B1F4-7EFE2F1F3478}"
EndProject
Global
	GlobalSection(SolutionConfigurationPlatforms) = preSolution
		Debug|Any CPU = Debug|Any CPU
		Release|Any CPU = Release|Any CPU
	EndGlobalSection
	GlobalSection(ProjectConfigurationPlatforms) = postSolution
		{8091778B-1A73-4C60-B1F4-7EFE2F1F3478}.Debug|Any CPU.ActiveCfg = Debug|Any CPU
		{8091778B-1A73-4C60-B1F4-7EFE2F1F3478}.Debug|Any CPU.Build.0 = Debug|Any CPU
		{8091778B-1A73-4C60-B1F4-7EFE2F1F3478}.Release|Any CPU.ActiveCfg = Release|Any CPU
		{8091778B-1A73-4C60-B1F4-7EFE2F1F3478}.Release|Any CPU.Build.0 = Release|Any CPU
	EndGlobalSection
	GlobalSection(SolutionProperties) = preSolution
		HideSolutionNode = FALSE
	EndGlobalSection
	GlobalSection(ExtensibilityGlobals) = postSolution
		SolutionGuid = {29A4855D-D94A-4F09-8552-F26599F27FD7}
	EndGlobalSection
EndGlobal
